
Microsoft Visual Studio Solution File, Format Version 12.00
# Visual Studio Version 16
VisualStudioVersion = 16.0.31702.278
MinimumVisualStudioVersion = 10.0.40219.1
Project("{F184B08F-C81C-45F6-A57F-5ABD9991F28F}") = "SI_PinjamBuku", "SI_PinjamBuku\SI_PinjamBuku.vbproj", "{5CB09E39-A90D-4F12-BAB9-E2DF76CDD4C5}"
EndProject
Global
	GlobalSection(SolutionConfigurationPlatforms) = preSolution
		Debug|Any CPU = Debug|Any CPU
		Release|Any CPU = Release|Any CPU
	EndGlobalSection
	GlobalSection(ProjectConfigurationPlatforms) = postSolution
		{5CB09E39-A90D-4F12-BAB9-E2DF76CDD4C5}.Debug|Any CPU.ActiveCfg = Debug|Any CPU
		{5CB09E39-A90D-4F12-BAB9-E2DF76CDD4C5}.Debug|Any CPU.Build.0 = Debug|Any CPU
		{5CB09E39-A90D-4F12-BAB9-E2DF76CDD4C5}.Release|Any CPU.ActiveCfg = Release|Any CPU
		{5CB09E39-A90D-4F12-BAB9-E2DF76CDD4C5}.Release|Any CPU.Build.0 = Release|Any CPU
	EndGlobalSection
	GlobalSection(SolutionProperties) = preSolution
		HideSolutionNode = FALSE
	EndGlobalSection
	GlobalSection(ExtensibilityGlobals) = postSolution
		SolutionGuid = {4252878C-ABE7-4346-8C58-33FE32C303D6}
	EndGlobalSection
EndGlobal
